// !$*UTF8*$!
{
	archiveVersion = 1;
	classes = {
	};
	objectVersion = 77;
	objects = {

/* Begin PBXBuildFile section */
		4F3F2A0C2E1E3E5100CCB629 /* WrongQuestionView.swift in Sources */ = {isa = PBXBuildFile; fileRef = 4F3F2A0B2E1E3E5100CCB629 /* WrongQuestionView.swift */; };
		EE0725552E1B929800086878 /* EntireQuestionsView.swift in Sources */ = {isa = PBXBuildFile; fileRef = EE0725542E1B929800086878 /* EntireQuestionsView.swift */; };
		EE4F8CAC2E17CA4F00B7924E /* Color+Ext.swift in Sources */ = {isa = PBXBuildFile; fileRef = EE4F8C992E17CA4F00B7924E /* Color+Ext.swift */; };
		EE4F8CAD2E17CA4F00B7924E /* CSQuestionView.swift in Sources */ = {isa = PBXBuildFile; fileRef = EE4F8C9D2E17CA4F00B7924E /* CSQuestionView.swift */; };
		EE4F8CAF2E17CA4F00B7924E /* SelectLevelView.swift in Sources */ = {isa = PBXBuildFile; fileRef = EE4F8C9F2E17CA4F00B7924E /* SelectLevelView.swift */; };
		EE4F8CB02E17CA4F00B7924E /* QuestionData.swift in Sources */ = {isa = PBXBuildFile; fileRef = EE4F8CA12E17CA4F00B7924E /* QuestionData.swift */; };
		EE4F8CB12E17CA4F00B7924E /* QuestionDetailView.swift in Sources */ = {isa = PBXBuildFile; fileRef = EE4F8CA22E17CA4F00B7924E /* QuestionDetailView.swift */; };
		EE4F8CB22E17CA4F00B7924E /* SavedQuestionListView.swift in Sources */ = {isa = PBXBuildFile; fileRef = EE4F8CA32E17CA4F00B7924E /* SavedQuestionListView.swift */; };
		EE4F8CB32E17CA4F00B7924E /* ContentView.swift in Sources */ = {isa = PBXBuildFile; fileRef = EE4F8CA52E17CA4F00B7924E /* ContentView.swift */; };
		EE4F8CB52E17CA4F00B7924E /* DailyCSApp.swift in Sources */ = {isa = PBXBuildFile; fileRef = EE4F8CA92E17CA4F00B7924E /* DailyCSApp.swift */; };
		EE4F8CB62E17CA4F00B7924E /* DummyData.swift in Sources */ = {isa = PBXBuildFile; fileRef = EE4F8CAA2E17CA4F00B7924E /* DummyData.swift */; };
		EE4F8CB72E17CA4F00B7924E /* Preview Assets.xcassets in Resources */ = {isa = PBXBuildFile; fileRef = EE4F8C9B2E17CA4F00B7924E /* Preview Assets.xcassets */; };
		EE4F8CB82E17CA4F00B7924E /* Assets.xcassets in Resources */ = {isa = PBXBuildFile; fileRef = EE4F8CA82E17CA4F00B7924E /* Assets.xcassets */; };
		EE4F8CBB2E17CA7B00B7924E /* CSDataManager.swift in Sources */ = {isa = PBXBuildFile; fileRef = EE4F8CBA2E17CA7B00B7924E /* CSDataManager.swift */; };
		EE4F8CBE2E17CAB900B7924E /* Realtime in Frameworks */ = {isa = PBXBuildFile; productRef = EE4F8CBD2E17CAB900B7924E /* Realtime */; };
		EE4F8CC02E17CAB900B7924E /* Storage in Frameworks */ = {isa = PBXBuildFile; productRef = EE4F8CBF2E17CAB900B7924E /* Storage */; };
		EE4F8CC22E17CAB900B7924E /* Supabase in Frameworks */ = {isa = PBXBuildFile; productRef = EE4F8CC12E17CAB900B7924E /* Supabase */; };
		EE4F8CD52E1A21E000B7924E /* Config.xcconfig in Resources */ = {isa = PBXBuildFile; fileRef = EE4F8CD42E1A21E000B7924E /* Config.xcconfig */; };
		EE4F8CD92E1A22C900B7924E /* Supabase.swift in Sources */ = {isa = PBXBuildFile; fileRef = EE4F8CD82E1A22C900B7924E /* Supabase.swift */; };
		EEEA64782E1CA364001AA420 /* QuestionResultView.swift in Sources */ = {isa = PBXBuildFile; fileRef = EEEA64772E1CA364001AA420 /* QuestionResultView.swift */; };
		EEEA64802E1D5C67001AA420 /* LaunchView.swift in Sources */ = {isa = PBXBuildFile; fileRef = EEEA647F2E1D5C67001AA420 /* LaunchView.swift */; };
		EEEA648A2E1EA3F4001AA420 /* Modifiers.swift in Sources */ = {isa = PBXBuildFile; fileRef = EEEA64892E1EA3F4001AA420 /* Modifiers.swift */; };
		EEEA649F2E1EB251001AA420 /* NavigationUtils.swift in Sources */ = {isa = PBXBuildFile; fileRef = EEEA649E2E1EB251001AA420 /* NavigationUtils.swift */; };
		EEEA64A12E1F412D001AA420 /* LavelCase.swift in Sources */ = {isa = PBXBuildFile; fileRef = EEEA64A02E1F412D001AA420 /* LavelCase.swift */; };
/* End PBXBuildFile section */

/* Begin PBXFileReference section */
		4F3F2A0B2E1E3E5100CCB629 /* WrongQuestionView.swift */ = {isa = PBXFileReference; lastKnownFileType = sourcecode.swift; path = WrongQuestionView.swift; sourceTree = "<group>"; };
		EE0725542E1B929800086878 /* EntireQuestionsView.swift */ = {isa = PBXFileReference; lastKnownFileType = sourcecode.swift; path = EntireQuestionsView.swift; sourceTree = "<group>"; };
		EE4F8C122E17786200B7924E /* DailyCS.app */ = {isa = PBXFileReference; explicitFileType = wrapper.application; includeInIndex = 0; path = DailyCS.app; sourceTree = BUILT_PRODUCTS_DIR; };
		EE4F8C992E17CA4F00B7924E /* Color+Ext.swift */ = {isa = PBXFileReference; lastKnownFileType = sourcecode.swift; path = "Color+Ext.swift"; sourceTree = "<group>"; };
		EE4F8C9B2E17CA4F00B7924E /* Preview Assets.xcassets */ = {isa = PBXFileReference; lastKnownFileType = folder.assetcatalog; path = "Preview Assets.xcassets"; sourceTree = "<group>"; };
		EE4F8C9D2E17CA4F00B7924E /* CSQuestionView.swift */ = {isa = PBXFileReference; lastKnownFileType = sourcecode.swift; path = CSQuestionView.swift; sourceTree = "<group>"; };
		EE4F8C9F2E17CA4F00B7924E /* SelectLevelView.swift */ = {isa = PBXFileReference; lastKnownFileType = sourcecode.swift; path = SelectLevelView.swift; sourceTree = "<group>"; };
		EE4F8CA12E17CA4F00B7924E /* QuestionData.swift */ = {isa = PBXFileReference; lastKnownFileType = sourcecode.swift; path = QuestionData.swift; sourceTree = "<group>"; };
		EE4F8CA22E17CA4F00B7924E /* QuestionDetailView.swift */ = {isa = PBXFileReference; lastKnownFileType = sourcecode.swift; path = QuestionDetailView.swift; sourceTree = "<group>"; };
		EE4F8CA32E17CA4F00B7924E /* SavedQuestionListView.swift */ = {isa = PBXFileReference; lastKnownFileType = sourcecode.swift; path = SavedQuestionListView.swift; sourceTree = "<group>"; };
		EE4F8CA52E17CA4F00B7924E /* ContentView.swift */ = {isa = PBXFileReference; lastKnownFileType = sourcecode.swift; path = ContentView.swift; sourceTree = "<group>"; };
		EE4F8CA82E17CA4F00B7924E /* Assets.xcassets */ = {isa = PBXFileReference; lastKnownFileType = folder.assetcatalog; path = Assets.xcassets; sourceTree = "<group>"; };
		EE4F8CA92E17CA4F00B7924E /* DailyCSApp.swift */ = {isa = PBXFileReference; lastKnownFileType = sourcecode.swift; path = DailyCSApp.swift; sourceTree = "<group>"; };
		EE4F8CAA2E17CA4F00B7924E /* DummyData.swift */ = {isa = PBXFileReference; lastKnownFileType = sourcecode.swift; path = DummyData.swift; sourceTree = "<group>"; };
		EE4F8CBA2E17CA7B00B7924E /* CSDataManager.swift */ = {isa = PBXFileReference; lastKnownFileType = sourcecode.swift; path = CSDataManager.swift; sourceTree = "<group>"; };
		EE4F8CD42E1A21E000B7924E /* Config.xcconfig */ = {isa = PBXFileReference; lastKnownFileType = text.xcconfig; path = Config.xcconfig; sourceTree = "<group>"; };
		EE4F8CD82E1A22C900B7924E /* Supabase.swift */ = {isa = PBXFileReference; lastKnownFileType = sourcecode.swift; path = Supabase.swift; sourceTree = "<group>"; };
		EEEA64772E1CA364001AA420 /* QuestionResultView.swift */ = {isa = PBXFileReference; lastKnownFileType = sourcecode.swift; path = QuestionResultView.swift; sourceTree = "<group>"; };
		EEEA647F2E1D5C67001AA420 /* LaunchView.swift */ = {isa = PBXFileReference; lastKnownFileType = sourcecode.swift; path = LaunchView.swift; sourceTree = "<group>"; };
		EEEA64892E1EA3F4001AA420 /* Modifiers.swift */ = {isa = PBXFileReference; lastKnownFileType = sourcecode.swift; path = Modifiers.swift; sourceTree = "<group>"; };
		EEEA649E2E1EB251001AA420 /* NavigationUtils.swift */ = {isa = PBXFileReference; lastKnownFileType = sourcecode.swift; path = NavigationUtils.swift; sourceTree = "<group>"; };
		EEEA64A02E1F412D001AA420 /* LavelCase.swift */ = {isa = PBXFileReference; lastKnownFileType = sourcecode.swift; path = LavelCase.swift; sourceTree = "<group>"; };
/* End PBXFileReference section */

/* Begin PBXFrameworksBuildPhase section */
		EE4F8C0F2E17786200B7924E /* Frameworks */ = {
			isa = PBXFrameworksBuildPhase;
			buildActionMask = 2147483647;
			files = (
				EE4F8CC02E17CAB900B7924E /* Storage in Frameworks */,
				EE4F8CBE2E17CAB900B7924E /* Realtime in Frameworks */,
				EE4F8CC22E17CAB900B7924E /* Supabase in Frameworks */,
			);
			runOnlyForDeploymentPostprocessing = 0;
		};
/* End PBXFrameworksBuildPhase section */

/* Begin PBXGroup section */
		EE0725532E1B928400086878 /* EntireQuestions */ = {
			isa = PBXGroup;
			children = (
				EE0725542E1B929800086878 /* EntireQuestionsView.swift */,
			);
			path = EntireQuestions;
			sourceTree = "<group>";
		};
		EE4F8C092E17786200B7924E = {
			isa = PBXGroup;
			children = (
				EE4F8CAB2E17CA4F00B7924E /* DailyCS */,
				EE4F8C132E17786200B7924E /* Products */,
			);
			sourceTree = "<group>";
		};
		EE4F8C132E17786200B7924E /* Products */ = {
			isa = PBXGroup;
			children = (
				EE4F8C122E17786200B7924E /* DailyCS.app */,
			);
			name = Products;
			sourceTree = "<group>";
		};
		EE4F8C9A2E17CA4F00B7924E /* Extension */ = {
			isa = PBXGroup;
			children = (
				EE4F8C992E17CA4F00B7924E /* Color+Ext.swift */,
			);
			path = Extension;
			sourceTree = "<group>";
		};
		EE4F8C9C2E17CA4F00B7924E /* Preview Content */ = {
			isa = PBXGroup;
			children = (
				EE4F8C9B2E17CA4F00B7924E /* Preview Assets.xcassets */,
			);
			path = "Preview Content";
			sourceTree = "<group>";
		};
		EE4F8CA02E17CA4F00B7924E /* SolveCSQuestion */ = {
			isa = PBXGroup;
			children = (
				EE4F8C9F2E17CA4F00B7924E /* SelectLevelView.swift */,
				EE4F8C9D2E17CA4F00B7924E /* CSQuestionView.swift */,
				EEEA64772E1CA364001AA420 /* QuestionResultView.swift */,
				4F3F2A0B2E1E3E5100CCB629 /* WrongQuestionView.swift */,
			);
			path = SolveCSQuestion;
			sourceTree = "<group>";
		};
		EE4F8CA42E17CA4F00B7924E /* SavedCSQuestions */ = {
			isa = PBXGroup;
			children = (
				EE4F8CA32E17CA4F00B7924E /* SavedQuestionListView.swift */,
				EE4F8CA22E17CA4F00B7924E /* QuestionDetailView.swift */,
			);
			path = SavedCSQuestions;
			sourceTree = "<group>";
		};
		EE4F8CA72E17CA4F00B7924E /* Views */ = {
			isa = PBXGroup;
			children = (
				EEEA647F2E1D5C67001AA420 /* LaunchView.swift */,
				EE4F8CA52E17CA4F00B7924E /* ContentView.swift */,
				EE4F8CA02E17CA4F00B7924E /* SolveCSQuestion */,
				EE4F8CA42E17CA4F00B7924E /* SavedCSQuestions */,
				EE0725532E1B928400086878 /* EntireQuestions */,
			);
			path = Views;
			sourceTree = "<group>";
		};
		EE4F8CAB2E17CA4F00B7924E /* DailyCS */ = {
			isa = PBXGroup;
			children = (
				EE4F8CA92E17CA4F00B7924E /* DailyCSApp.swift */,
				EE4F8C9C2E17CA4F00B7924E /* Preview Content */,
				EE4F8CA72E17CA4F00B7924E /* Views */,
				EE4F8CB92E17CA6500B7924E /* Data */,
				EE4F8C9A2E17CA4F00B7924E /* Extension */,
				EEEA64A22E1F4138001AA420 /* Utils */,
				EE4F8CD42E1A21E000B7924E /* Config.xcconfig */,
				EE4F8CA82E17CA4F00B7924E /* Assets.xcassets */,
			);
			path = DailyCS;
			sourceTree = "<group>";
		};
		EE4F8CB92E17CA6500B7924E /* Data */ = {
			isa = PBXGroup;
			children = (
				EE4F8CAA2E17CA4F00B7924E /* DummyData.swift */,
				EE4F8CA12E17CA4F00B7924E /* QuestionData.swift */,
				EE4F8CBA2E17CA7B00B7924E /* CSDataManager.swift */,
				EE4F8CD82E1A22C900B7924E /* Supabase.swift */,
			);
			path = Data;
			sourceTree = "<group>";
		};
		EEEA64A22E1F4138001AA420 /* Utils */ = {
			isa = PBXGroup;
			children = (
				EEEA64892E1EA3F4001AA420 /* Modifiers.swift */,
				EEEA649E2E1EB251001AA420 /* NavigationUtils.swift */,
				EEEA64A02E1F412D001AA420 /* LavelCase.swift */,
			);
			path = Utils;
			sourceTree = "<group>";
		};
/* End PBXGroup section */

/* Begin PBXNativeTarget section */
		EE4F8C112E17786200B7924E /* DailyCS */ = {
			isa = PBXNativeTarget;
			buildConfigurationList = EE4F8C202E17786400B7924E /* Build configuration list for PBXNativeTarget "DailyCS" */;
			buildPhases = (
				EE4F8C0E2E17786200B7924E /* Sources */,
				EE4F8C0F2E17786200B7924E /* Frameworks */,
				EE4F8C102E17786200B7924E /* Resources */,
			);
			buildRules = (
			);
			dependencies = (
			);
			name = DailyCS;
			packageProductDependencies = (
				EE4F8CBD2E17CAB900B7924E /* Realtime */,
				EE4F8CBF2E17CAB900B7924E /* Storage */,
				EE4F8CC12E17CAB900B7924E /* Supabase */,
			);
			productName = DailyCS;
			productReference = EE4F8C122E17786200B7924E /* DailyCS.app */;
			productType = "com.apple.product-type.application";
		};
/* End PBXNativeTarget section */

/* Begin PBXProject section */
		EE4F8C0A2E17786200B7924E /* Project object */ = {
			isa = PBXProject;
			attributes = {
				BuildIndependentTargetsInParallel = 1;
				LastSwiftUpdateCheck = 1620;
				LastUpgradeCheck = 1620;
				TargetAttributes = {
					EE4F8C112E17786200B7924E = {
						CreatedOnToolsVersion = 16.2;
					};
				};
			};
			buildConfigurationList = EE4F8C0D2E17786200B7924E /* Build configuration list for PBXProject "DailyCS" */;
			developmentRegion = en;
			hasScannedForEncodings = 0;
			knownRegions = (
				en,
				Base,
			);
			mainGroup = EE4F8C092E17786200B7924E;
			minimizedProjectReferenceProxies = 1;
			packageReferences = (
				EE4F8CBC2E17CAB900B7924E /* XCRemoteSwiftPackageReference "supabase-swift" */,
			);
			preferredProjectObjectVersion = 77;
			productRefGroup = EE4F8C132E17786200B7924E /* Products */;
			projectDirPath = "";
			projectRoot = "";
			targets = (
				EE4F8C112E17786200B7924E /* DailyCS */,
			);
		};
/* End PBXProject section */

/* Begin PBXResourcesBuildPhase section */
		EE4F8C102E17786200B7924E /* Resources */ = {
			isa = PBXResourcesBuildPhase;
			buildActionMask = 2147483647;
			files = (
				EE4F8CB72E17CA4F00B7924E /* Preview Assets.xcassets in Resources */,
				EE4F8CD52E1A21E000B7924E /* Config.xcconfig in Resources */,
				EE4F8CB82E17CA4F00B7924E /* Assets.xcassets in Resources */,
			);
			runOnlyForDeploymentPostprocessing = 0;
		};
/* End PBXResourcesBuildPhase section */

/* Begin PBXSourcesBuildPhase section */
		EE4F8C0E2E17786200B7924E /* Sources */ = {
			isa = PBXSourcesBuildPhase;
			buildActionMask = 2147483647;
			files = (
				EE4F8CAC2E17CA4F00B7924E /* Color+Ext.swift in Sources */,
				EEEA64802E1D5C67001AA420 /* LaunchView.swift in Sources */,
				EE4F8CAD2E17CA4F00B7924E /* CSQuestionView.swift in Sources */,
				EE4F8CAF2E17CA4F00B7924E /* SelectLevelView.swift in Sources */,
				EEEA64782E1CA364001AA420 /* QuestionResultView.swift in Sources */,
				EE4F8CB02E17CA4F00B7924E /* QuestionData.swift in Sources */,
				EE0725552E1B929800086878 /* EntireQuestionsView.swift in Sources */,
				EEEA649F2E1EB251001AA420 /* NavigationUtils.swift in Sources */,
				EE4F8CB12E17CA4F00B7924E /* QuestionDetailView.swift in Sources */,
				4F3F2A0C2E1E3E5100CCB629 /* WrongQuestionView.swift in Sources */,
				EEEA64A12E1F412D001AA420 /* LavelCase.swift in Sources */,
				EE4F8CB22E17CA4F00B7924E /* SavedQuestionListView.swift in Sources */,
				EE4F8CB32E17CA4F00B7924E /* ContentView.swift in Sources */,
				EE4F8CD92E1A22C900B7924E /* Supabase.swift in Sources */,
				EE4F8CBB2E17CA7B00B7924E /* CSDataManager.swift in Sources */,
				EE4F8CB52E17CA4F00B7924E /* DailyCSApp.swift in Sources */,
				EEEA648A2E1EA3F4001AA420 /* Modifiers.swift in Sources */,
				EE4F8CB62E17CA4F00B7924E /* DummyData.swift in Sources */,
			);
			runOnlyForDeploymentPostprocessing = 0;
		};
/* End PBXSourcesBuildPhase section */

/* Begin XCBuildConfiguration section */
		EE4F8C1E2E17786400B7924E /* Debug */ = {
			isa = XCBuildConfiguration;
			baseConfigurationReference = EE4F8CD42E1A21E000B7924E /* Config.xcconfig */;
			buildSettings = {
				ALWAYS_SEARCH_USER_PATHS = NO;
				ASSETCATALOG_COMPILER_GENERATE_SWIFT_ASSET_SYMBOL_EXTENSIONS = YES;
				CLANG_ANALYZER_NONNULL = YES;
				CLANG_ANALYZER_NUMBER_OBJECT_CONVERSION = YES_AGGRESSIVE;
				CLANG_CXX_LANGUAGE_STANDARD = "gnu++20";
				CLANG_ENABLE_MODULES = YES;
				CLANG_ENABLE_OBJC_ARC = YES;
				CLANG_ENABLE_OBJC_WEAK = YES;
				CLANG_WARN_BLOCK_CAPTURE_AUTORELEASING = YES;
				CLANG_WARN_BOOL_CONVERSION = YES;
				CLANG_WARN_COMMA = YES;
				CLANG_WARN_CONSTANT_CONVERSION = YES;
				CLANG_WARN_DEPRECATED_OBJC_IMPLEMENTATIONS = YES;
				CLANG_WARN_DIRECT_OBJC_ISA_USAGE = YES_ERROR;
				CLANG_WARN_DOCUMENTATION_COMMENTS = YES;
				CLANG_WARN_EMPTY_BODY = YES;
				CLANG_WARN_ENUM_CONVERSION = YES;
				CLANG_WARN_INFINITE_RECURSION = YES;
				CLANG_WARN_INT_CONVERSION = YES;
				CLANG_WARN_NON_LITERAL_NULL_CONVERSION = YES;
				CLANG_WARN_OBJC_IMPLICIT_RETAIN_SELF = YES;
				CLANG_WARN_OBJC_LITERAL_CONVERSION = YES;
				CLANG_WARN_OBJC_ROOT_CLASS = YES_ERROR;
				CLANG_WARN_QUOTED_INCLUDE_IN_FRAMEWORK_HEADER = YES;
				CLANG_WARN_RANGE_LOOP_ANALYSIS = YES;
				CLANG_WARN_STRICT_PROTOTYPES = YES;
				CLANG_WARN_SUSPICIOUS_MOVE = YES;
				CLANG_WARN_UNGUARDED_AVAILABILITY = YES_AGGRESSIVE;
				CLANG_WARN_UNREACHABLE_CODE = YES;
				CLANG_WARN__DUPLICATE_METHOD_MATCH = YES;
				COPY_PHASE_STRIP = NO;
				DEBUG_INFORMATION_FORMAT = dwarf;
				ENABLE_STRICT_OBJC_MSGSEND = YES;
				ENABLE_TESTABILITY = YES;
				ENABLE_USER_SCRIPT_SANDBOXING = YES;
				GCC_C_LANGUAGE_STANDARD = gnu17;
				GCC_DYNAMIC_NO_PIC = NO;
				GCC_NO_COMMON_BLOCKS = YES;
				GCC_OPTIMIZATION_LEVEL = 0;
				GCC_PREPROCESSOR_DEFINITIONS = (
					"DEBUG=1",
					"$(inherited)",
				);
				GCC_WARN_64_TO_32_BIT_CONVERSION = YES;
				GCC_WARN_ABOUT_RETURN_TYPE = YES_ERROR;
				GCC_WARN_UNDECLARED_SELECTOR = YES;
				GCC_WARN_UNINITIALIZED_AUTOS = YES_AGGRESSIVE;
				GCC_WARN_UNUSED_FUNCTION = YES;
				GCC_WARN_UNUSED_VARIABLE = YES;
				IPHONEOS_DEPLOYMENT_TARGET = 18.2;
				LOCALIZATION_PREFERS_STRING_CATALOGS = YES;
				MTL_ENABLE_DEBUG_INFO = INCLUDE_SOURCE;
				MTL_FAST_MATH = YES;
				ONLY_ACTIVE_ARCH = YES;
				SDKROOT = iphoneos;
				SWIFT_ACTIVE_COMPILATION_CONDITIONS = "DEBUG $(inherited)";
				SWIFT_OPTIMIZATION_LEVEL = "-Onone";
			};
			name = Debug;
		};
		EE4F8C1F2E17786400B7924E /* Release */ = {
			isa = XCBuildConfiguration;
			baseConfigurationReference = EE4F8CD42E1A21E000B7924E /* Config.xcconfig */;
			buildSettings = {
				ALWAYS_SEARCH_USER_PATHS = NO;
				ASSETCATALOG_COMPILER_GENERATE_SWIFT_ASSET_SYMBOL_EXTENSIONS = YES;
				CLANG_ANALYZER_NONNULL = YES;
				CLANG_ANALYZER_NUMBER_OBJECT_CONVERSION = YES_AGGRESSIVE;
				CLANG_CXX_LANGUAGE_STANDARD = "gnu++20";
				CLANG_ENABLE_MODULES = YES;
				CLANG_ENABLE_OBJC_ARC = YES;
				CLANG_ENABLE_OBJC_WEAK = YES;
				CLANG_WARN_BLOCK_CAPTURE_AUTORELEASING = YES;
				CLANG_WARN_BOOL_CONVERSION = YES;
				CLANG_WARN_COMMA = YES;
				CLANG_WARN_CONSTANT_CONVERSION = YES;
				CLANG_WARN_DEPRECATED_OBJC_IMPLEMENTATIONS = YES;
				CLANG_WARN_DIRECT_OBJC_ISA_USAGE = YES_ERROR;
				CLANG_WARN_DOCUMENTATION_COMMENTS = YES;
				CLANG_WARN_EMPTY_BODY = YES;
				CLANG_WARN_ENUM_CONVERSION = YES;
				CLANG_WARN_INFINITE_RECURSION = YES;
				CLANG_WARN_INT_CONVERSION = YES;
				CLANG_WARN_NON_LITERAL_NULL_CONVERSION = YES;
				CLANG_WARN_OBJC_IMPLICIT_RETAIN_SELF = YES;
				CLANG_WARN_OBJC_LITERAL_CONVERSION = YES;
				CLANG_WARN_OBJC_ROOT_CLASS = YES_ERROR;
				CLANG_WARN_QUOTED_INCLUDE_IN_FRAMEWORK_HEADER = YES;
				CLANG_WARN_RANGE_LOOP_ANALYSIS = YES;
				CLANG_WARN_STRICT_PROTOTYPES = YES;
				CLANG_WARN_SUSPICIOUS_MOVE = YES;
				CLANG_WARN_UNGUARDED_AVAILABILITY = YES_AGGRESSIVE;
				CLANG_WARN_UNREACHABLE_CODE = YES;
				CLANG_WARN__DUPLICATE_METHOD_MATCH = YES;
				COPY_PHASE_STRIP = NO;
				DEBUG_INFORMATION_FORMAT = "dwarf-with-dsym";
				ENABLE_NS_ASSERTIONS = NO;
				ENABLE_STRICT_OBJC_MSGSEND = YES;
				ENABLE_USER_SCRIPT_SANDBOXING = YES;
				GCC_C_LANGUAGE_STANDARD = gnu17;
				GCC_NO_COMMON_BLOCKS = YES;
				GCC_WARN_64_TO_32_BIT_CONVERSION = YES;
				GCC_WARN_ABOUT_RETURN_TYPE = YES_ERROR;
				GCC_WARN_UNDECLARED_SELECTOR = YES;
				GCC_WARN_UNINITIALIZED_AUTOS = YES_AGGRESSIVE;
				GCC_WARN_UNUSED_FUNCTION = YES;
				GCC_WARN_UNUSED_VARIABLE = YES;
				IPHONEOS_DEPLOYMENT_TARGET = 18.2;
				LOCALIZATION_PREFERS_STRING_CATALOGS = YES;
				MTL_ENABLE_DEBUG_INFO = NO;
				MTL_FAST_MATH = YES;
				SDKROOT = iphoneos;
				SWIFT_COMPILATION_MODE = wholemodule;
				VALIDATE_PRODUCT = YES;
			};
			name = Release;
		};
		EE4F8C212E17786400B7924E /* Debug */ = {
			isa = XCBuildConfiguration;
			baseConfigurationReference = EE4F8CD42E1A21E000B7924E /* Config.xcconfig */;
			buildSettings = {
				ASSETCATALOG_COMPILER_APPICON_NAME = AppIcon;
				ASSETCATALOG_COMPILER_GLOBAL_ACCENT_COLOR_NAME = AccentColor;
				CODE_SIGN_STYLE = Automatic;
				CURRENT_PROJECT_VERSION = 1;
				DEVELOPMENT_ASSET_PATHS = "\"DailyCS/Preview Content\"";
				ENABLE_PREVIEWS = YES;
				GENERATE_INFOPLIST_FILE = YES;
				INFOPLIST_FILE = DailyCS/info.plist;
				INFOPLIST_KEY_UIApplicationSceneManifest_Generation = YES;
				INFOPLIST_KEY_UIApplicationSupportsIndirectInputEvents = YES;
				INFOPLIST_KEY_UILaunchScreen_Generation = YES;
				INFOPLIST_KEY_UISupportedInterfaceOrientations = UIInterfaceOrientationPortrait;
				INFOPLIST_KEY_UISupportedInterfaceOrientations_iPad = "UIInterfaceOrientationLandscapeLeft UIInterfaceOrientationLandscapeRight UIInterfaceOrientationPortrait UIInterfaceOrientationPortraitUpsideDown";
				IPHONEOS_DEPLOYMENT_TARGET = 18.0;
				LD_RUNPATH_SEARCH_PATHS = (
					"$(inherited)",
					"@executable_path/Frameworks",
				);
				MARKETING_VERSION = 1.0;
				PRODUCT_BUNDLE_IDENTIFIER = com.yongheon.DailyCS;
				PRODUCT_NAME = "$(TARGET_NAME)";
				SWIFT_EMIT_LOC_STRINGS = YES;
				SWIFT_VERSION = 5.0;
				TARGETED_DEVICE_FAMILY = "1,2";
			};
			name = Debug;
		};
		EE4F8C222E17786400B7924E /* Release */ = {
			isa = XCBuildConfiguration;
			baseConfigurationReference = EE4F8CD42E1A21E000B7924E /* Config.xcconfig */;
			buildSettings = {
				ASSETCATALOG_COMPILER_APPICON_NAME = AppIcon;
				ASSETCATALOG_COMPILER_GLOBAL_ACCENT_COLOR_NAME = AccentColor;
				CODE_SIGN_STYLE = Automatic;
				CURRENT_PROJECT_VERSION = 1;
				DEVELOPMENT_ASSET_PATHS = "\"DailyCS/Preview Content\"";
				ENABLE_PREVIEWS = YES;
				GENERATE_INFOPLIST_FILE = YES;
				INFOPLIST_FILE = DailyCS/info.plist;
				INFOPLIST_KEY_UIApplicationSceneManifest_Generation = YES;
				INFOPLIST_KEY_UIApplicationSupportsIndirectInputEvents = YES;
				INFOPLIST_KEY_UILaunchScreen_Generation = YES;
				INFOPLIST_KEY_UISupportedInterfaceOrientations = UIInterfaceOrientationPortrait;
				INFOPLIST_KEY_UISupportedInterfaceOrientations_iPad = "UIInterfaceOrientationLandscapeLeft UIInterfaceOrientationLandscapeRight UIInterfaceOrientationPortrait UIInterfaceOrientationPortraitUpsideDown";
				IPHONEOS_DEPLOYMENT_TARGET = 18.0;
				LD_RUNPATH_SEARCH_PATHS = (
					"$(inherited)",
					"@executable_path/Frameworks",
				);
				MARKETING_VERSION = 1.0;
				PRODUCT_BUNDLE_IDENTIFIER = com.yongheon.DailyCS;
				PRODUCT_NAME = "$(TARGET_NAME)";
				SWIFT_EMIT_LOC_STRINGS = YES;
				SWIFT_VERSION = 5.0;
				TARGETED_DEVICE_FAMILY = "1,2";
			};
			name = Release;
		};
/* End XCBuildConfiguration section */

/* Begin XCConfigurationList section */
		EE4F8C0D2E17786200B7924E /* Build configuration list for PBXProject "DailyCS" */ = {
			isa = XCConfigurationList;
			buildConfigurations = (
				EE4F8C1E2E17786400B7924E /* Debug */,
				EE4F8C1F2E17786400B7924E /* Release */,
			);
			defaultConfigurationIsVisible = 0;
			defaultConfigurationName = Release;
		};
		EE4F8C202E17786400B7924E /* Build configuration list for PBXNativeTarget "DailyCS" */ = {
			isa = XCConfigurationList;
			buildConfigurations = (
				EE4F8C212E17786400B7924E /* Debug */,
				EE4F8C222E17786400B7924E /* Release */,
			);
			defaultConfigurationIsVisible = 0;
			defaultConfigurationName = Release;
		};
/* End XCConfigurationList section */

/* Begin XCRemoteSwiftPackageReference section */
		EE4F8CBC2E17CAB900B7924E /* XCRemoteSwiftPackageReference "supabase-swift" */ = {
			isa = XCRemoteSwiftPackageReference;
			repositoryURL = "https://github.com/supabase/supabase-swift.git";
			requirement = {
				kind = upToNextMajorVersion;
				minimumVersion = 2.5.1;
			};
		};
/* End XCRemoteSwiftPackageReference section */

/* Begin XCSwiftPackageProductDependency section */
		EE4F8CBD2E17CAB900B7924E /* Realtime */ = {
			isa = XCSwiftPackageProductDependency;
			package = EE4F8CBC2E17CAB900B7924E /* XCRemoteSwiftPackageReference "supabase-swift" */;
			productName = Realtime;
		};
		EE4F8CBF2E17CAB900B7924E /* Storage */ = {
			isa = XCSwiftPackageProductDependency;
			package = EE4F8CBC2E17CAB900B7924E /* XCRemoteSwiftPackageReference "supabase-swift" */;
			productName = Storage;
		};
		EE4F8CC12E17CAB900B7924E /* Supabase */ = {
			isa = XCSwiftPackageProductDependency;
			package = EE4F8CBC2E17CAB900B7924E /* XCRemoteSwiftPackageReference "supabase-swift" */;
			productName = Supabase;
		};
/* End XCSwiftPackageProductDependency section */
	};
	rootObject = EE4F8C0A2E17786200B7924E /* Project object */;
}
